
Microsoft Visual Studio Solution File, Format Version 12.00
# Visual Studio 14
VisualStudioVersion = 14.0.24720.0
MinimumVisualStudioVersion = 10.0.40219.1
Project("{FAE04EC0-301F-11D3-BF4B-00C04F79EFBC}") = "Lunch.WebApi", "proj\Lunch.WebApi\Lunch.WebApi.csproj", "{B479CD73-4A69-40BD-A0AE-3A1E793EF805}"
EndProject
Project("{2150E333-8FDC-42A3-9474-1A3956D46DE8}") = "Data", "Data", "{9E597C07-E5C6-4D1A-A3CD-ACE34010304C}"
EndProject
Project("{00D1A9C2-B5F0-4AF3-8072-F6C62B433612}") = "Lunch.Database", "proj\Lunch.Database\Lunch.Database.sqlproj", "{215B592E-86BF-4AFE-B496-99D0CB57A381}"
EndProject
Project("{2150E333-8FDC-42A3-9474-1A3956D46DE8}") = "DataModel", "DataModel", "{F4ED9027-1624-4DE6-842F-894E9A892134}"
EndProject
Project("{FAE04EC0-301F-11D3-BF4B-00C04F79EFBC}") = "Lunch.DataAccess", "proj\Lunch.DataAccess\Lunch.DataAccess.csproj", "{EA9A7D08-B5A6-4121-A3A7-77588ECA5382}"
EndProject
Project("{FAE04EC0-301F-11D3-BF4B-00C04F79EFBC}") = "Lunch.Model", "proj\Lunch.Model\Lunch.Model.csproj", "{E97E9442-B5E3-42D3-A83C-4CF929C86A8A}"
EndProject
Project("{FAE04EC0-301F-11D3-BF4B-00C04F79EFBC}") = "Lunch.DataAccessLayer", "proj\Lunch.DataAccessLayer\Lunch.DataAccessLayer.csproj", "{DA3E6D0D-3D4F-4401-9C7D-B4945E79E083}"
EndProject
Project("{2150E333-8FDC-42A3-9474-1A3956D46DE8}") = "Common", "Common", "{064849B3-B371-4E2C-8B52-225A482C97EE}"
EndProject
Project("{FAE04EC0-301F-11D3-BF4B-00C04F79EFBC}") = "Lunch.Logging", "proj\Lunch.Logging\Lunch.Logging.csproj", "{984B9A2B-B00A-4280-BB4C-8D225E061073}"
EndProject
Global
	GlobalSection(SolutionConfigurationPlatforms) = preSolution
		Debug|Any CPU = Debug|Any CPU
		Release|Any CPU = Release|Any CPU
	EndGlobalSection
	GlobalSection(ProjectConfigurationPlatforms) = postSolution
		{B479CD73-4A69-40BD-A0AE-3A1E793EF805}.Debug|Any CPU.ActiveCfg = Debug|Any CPU
		{B479CD73-4A69-40BD-A0AE-3A1E793EF805}.Debug|Any CPU.Build.0 = Debug|Any CPU
		{B479CD73-4A69-40BD-A0AE-3A1E793EF805}.Release|Any CPU.ActiveCfg = Release|Any CPU
		{B479CD73-4A69-40BD-A0AE-3A1E793EF805}.Release|Any CPU.Build.0 = Release|Any CPU
		{215B592E-86BF-4AFE-B496-99D0CB57A381}.Debug|Any CPU.ActiveCfg = Debug|Any CPU
		{215B592E-86BF-4AFE-B496-99D0CB57A381}.Debug|Any CPU.Build.0 = Debug|Any CPU
		{215B592E-86BF-4AFE-B496-99D0CB57A381}.Debug|Any CPU.Deploy.0 = Debug|Any CPU
		{215B592E-86BF-4AFE-B496-99D0CB57A381}.Release|Any CPU.ActiveCfg = Release|Any CPU
		{215B592E-86BF-4AFE-B496-99D0CB57A381}.Release|Any CPU.Build.0 = Release|Any CPU
		{215B592E-86BF-4AFE-B496-99D0CB57A381}.Release|Any CPU.Deploy.0 = Release|Any CPU
		{EA9A7D08-B5A6-4121-A3A7-77588ECA5382}.Debug|Any CPU.ActiveCfg = Debug|Any CPU
		{EA9A7D08-B5A6-4121-A3A7-77588ECA5382}.Debug|Any CPU.Build.0 = Debug|Any CPU
		{EA9A7D08-B5A6-4121-A3A7-77588ECA5382}.Release|Any CPU.ActiveCfg = Release|Any CPU
		{EA9A7D08-B5A6-4121-A3A7-77588ECA5382}.Release|Any CPU.Build.0 = Release|Any CPU
		{E97E9442-B5E3-42D3-A83C-4CF929C86A8A}.Debug|Any CPU.ActiveCfg = Debug|Any CPU
		{E97E9442-B5E3-42D3-A83C-4CF929C86A8A}.Debug|Any CPU.Build.0 = Debug|Any CPU
		{E97E9442-B5E3-42D3-A83C-4CF929C86A8A}.Release|Any CPU.ActiveCfg = Release|Any CPU
		{E97E9442-B5E3-42D3-A83C-4CF929C86A8A}.Release|Any CPU.Build.0 = Release|Any CPU
		{DA3E6D0D-3D4F-4401-9C7D-B4945E79E083}.Debug|Any CPU.ActiveCfg = Debug|Any CPU
		{DA3E6D0D-3D4F-4401-9C7D-B4945E79E083}.Debug|Any CPU.Build.0 = Debug|Any CPU
		{DA3E6D0D-3D4F-4401-9C7D-B4945E79E083}.Release|Any CPU.ActiveCfg = Release|Any CPU
		{DA3E6D0D-3D4F-4401-9C7D-B4945E79E083}.Release|Any CPU.Build.0 = Release|Any CPU
		{984B9A2B-B00A-4280-BB4C-8D225E061073}.Debug|Any CPU.ActiveCfg = Debug|Any CPU
		{984B9A2B-B00A-4280-BB4C-8D225E061073}.Debug|Any CPU.Build.0 = Debug|Any CPU
		{984B9A2B-B00A-4280-BB4C-8D225E061073}.Release|Any CPU.ActiveCfg = Release|Any CPU
		{984B9A2B-B00A-4280-BB4C-8D225E061073}.Release|Any CPU.Build.0 = Release|Any CPU
	EndGlobalSection
	GlobalSection(SolutionProperties) = preSolution
		HideSolutionNode = FALSE
	EndGlobalSection
	GlobalSection(NestedProjects) = preSolution
		{215B592E-86BF-4AFE-B496-99D0CB57A381} = {9E597C07-E5C6-4D1A-A3CD-ACE34010304C}
		{EA9A7D08-B5A6-4121-A3A7-77588ECA5382} = {F4ED9027-1624-4DE6-842F-894E9A892134}
		{E97E9442-B5E3-42D3-A83C-4CF929C86A8A} = {F4ED9027-1624-4DE6-842F-894E9A892134}
		{DA3E6D0D-3D4F-4401-9C7D-B4945E79E083} = {F4ED9027-1624-4DE6-842F-894E9A892134}
		{984B9A2B-B00A-4280-BB4C-8D225E061073} = {064849B3-B371-4E2C-8B52-225A482C97EE}
	EndGlobalSection
EndGlobal
