
Microsoft Visual Studio Solution File, Format Version 12.00
# Visual Studio 2013
VisualStudioVersion = 12.0.40629.0
MinimumVisualStudioVersion = 10.0.40219.1
Project("{FAE04EC0-301F-11D3-BF4B-00C04F79EFBC}") = "Lunch.WebApi", "proj\Lunch.WebApi\Lunch.WebApi.csproj", "{B479CD73-4A69-40BD-A0AE-3A1E793EF805}"
EndProject
Project("{2150E333-8FDC-42A3-9474-1A3956D46DE8}") = "Data", "Data", "{9E597C07-E5C6-4D1A-A3CD-ACE34010304C}"
EndProject
Project("{00D1A9C2-B5F0-4AF3-8072-F6C62B433612}") = "Lunch.Database", "proj\Lunch.Database\Lunch.Database.sqlproj", "{215B592E-86BF-4AFE-B496-99D0CB57A381}"
EndProject
Global
	GlobalSection(SolutionConfigurationPlatforms) = preSolution
		Debug|Any CPU = Debug|Any CPU
		Release|Any CPU = Release|Any CPU
	EndGlobalSection
	GlobalSection(ProjectConfigurationPlatforms) = postSolution
		{B479CD73-4A69-40BD-A0AE-3A1E793EF805}.Debug|Any CPU.ActiveCfg = Debug|Any CPU
		{B479CD73-4A69-40BD-A0AE-3A1E793EF805}.Debug|Any CPU.Build.0 = Debug|Any CPU
		{B479CD73-4A69-40BD-A0AE-3A1E793EF805}.Release|Any CPU.ActiveCfg = Release|Any CPU
		{B479CD73-4A69-40BD-A0AE-3A1E793EF805}.Release|Any CPU.Build.0 = Release|Any CPU
		{215B592E-86BF-4AFE-B496-99D0CB57A381}.Debug|Any CPU.ActiveCfg = Debug|Any CPU
		{215B592E-86BF-4AFE-B496-99D0CB57A381}.Debug|Any CPU.Build.0 = Debug|Any CPU
		{215B592E-86BF-4AFE-B496-99D0CB57A381}.Debug|Any CPU.Deploy.0 = Debug|Any CPU
		{215B592E-86BF-4AFE-B496-99D0CB57A381}.Release|Any CPU.ActiveCfg = Release|Any CPU
		{215B592E-86BF-4AFE-B496-99D0CB57A381}.Release|Any CPU.Build.0 = Release|Any CPU
		{215B592E-86BF-4AFE-B496-99D0CB57A381}.Release|Any CPU.Deploy.0 = Release|Any CPU
	EndGlobalSection
	GlobalSection(SolutionProperties) = preSolution
		HideSolutionNode = FALSE
	EndGlobalSection
	GlobalSection(NestedProjects) = preSolution
		{215B592E-86BF-4AFE-B496-99D0CB57A381} = {9E597C07-E5C6-4D1A-A3CD-ACE34010304C}
	EndGlobalSection
EndGlobal
